
Microsoft Visual Studio Solution File, Format Version 12.00
# Visual Studio Version 17
VisualStudioVersion = 17.5.002.0
MinimumVisualStudioVersion = 10.0.40219.1
Project("{9A19103F-16F7-4668-BE54-9A1E7A4F7556}") = "Bie.Api", "Bie.Api.csproj", "{9B645D71-9E65-4378-8661-E07A30DE8B55}"
EndProject
Global
	GlobalSection(SolutionConfigurationPlatforms) = preSolution
		Debug|Any CPU = Debug|Any CPU
		Release|Any CPU = Release|Any CPU
	EndGlobalSection
	GlobalSection(ProjectConfigurationPlatforms) = postSolution
		{9B645D71-9E65-4378-8661-E07A30DE8B55}.Debug|Any CPU.ActiveCfg = Debug|Any CPU
		{9B645D71-9E65-4378-8661-E07A30DE8B55}.Debug|Any CPU.Build.0 = Debug|Any CPU
		{9B645D71-9E65-4378-8661-E07A30DE8B55}.Release|Any CPU.ActiveCfg = Release|Any CPU
		{9B645D71-9E65-4378-8661-E07A30DE8B55}.Release|Any CPU.Build.0 = Release|Any CPU
	EndGlobalSection
	GlobalSection(SolutionProperties) = preSolution
		HideSolutionNode = FALSE
	EndGlobalSection
	GlobalSection(ExtensibilityGlobals) = postSolution
		SolutionGuid = {0DE58F04-182B-427C-9962-53AE19443E41}
	EndGlobalSection
EndGlobal
