
Microsoft Visual Studio Solution File, Format Version 12.00
# Visual Studio Version 17
VisualStudioVersion = 17.5.002.0
MinimumVisualStudioVersion = 10.0.40219.1
Project("{9A19103F-16F7-4668-BE54-9A1E7A4F7556}") = "Bie.Business", "Bie.Business.csproj", "{C489D9D9-AD32-4890-925A-16C6BF20E257}"
EndProject
Global
	GlobalSection(SolutionConfigurationPlatforms) = preSolution
		Debug|Any CPU = Debug|Any CPU
		Release|Any CPU = Release|Any CPU
	EndGlobalSection
	GlobalSection(ProjectConfigurationPlatforms) = postSolution
		{C489D9D9-AD32-4890-925A-16C6BF20E257}.Debug|Any CPU.ActiveCfg = Debug|Any CPU
		{C489D9D9-AD32-4890-925A-16C6BF20E257}.Debug|Any CPU.Build.0 = Debug|Any CPU
		{C489D9D9-AD32-4890-925A-16C6BF20E257}.Release|Any CPU.ActiveCfg = Release|Any CPU
		{C489D9D9-AD32-4890-925A-16C6BF20E257}.Release|Any CPU.Build.0 = Release|Any CPU
	EndGlobalSection
	GlobalSection(SolutionProperties) = preSolution
		HideSolutionNode = FALSE
	EndGlobalSection
	GlobalSection(ExtensibilityGlobals) = postSolution
		SolutionGuid = {7882E7BE-4748-480B-9E21-253385644D7F}
	EndGlobalSection
EndGlobal
